// !$*UTF8*$!
{
	archiveVersion = 1;
	classes = {
	};
	objectVersion = 77;
	objects = {

/* Begin PBXBuildFile section */
		E82CDB332D67441300423C9C /* FirebaseAnalytics in Frameworks */ = {isa = PBXBuildFile; productRef = E82CDB322D67441300423C9C /* FirebaseAnalytics */; };
		E82CDB352D67441300423C9C /* FirebaseAnalyticsOnDeviceConversion in Frameworks */ = {isa = PBXBuildFile; productRef = E82CDB342D67441300423C9C /* FirebaseAnalyticsOnDeviceConversion */; };
		E82CDB372D67441300423C9C /* FirebaseAnalyticsWithoutAdIdSupport in Frameworks */ = {isa = PBXBuildFile; productRef = E82CDB362D67441300423C9C /* FirebaseAnalyticsWithoutAdIdSupport */; };
		E82CDB392D67441300423C9C /* FirebaseAppCheck in Frameworks */ = {isa = PBXBuildFile; productRef = E82CDB382D67441300423C9C /* FirebaseAppCheck */; };
		E82CDB3B2D67441300423C9C /* FirebaseAppDistribution-Beta in Frameworks */ = {isa = PBXBuildFile; productRef = E82CDB3A2D67441300423C9C /* FirebaseAppDistribution-Beta */; };
		E82CDB3D2D67441300423C9C /* FirebaseAuth in Frameworks */ = {isa = PBXBuildFile; productRef = E82CDB3C2D67441300423C9C /* FirebaseAuth */; };
		E82CDB3F2D67441300423C9C /* FirebaseAuthCombine-Community in Frameworks */ = {isa = PBXBuildFile; productRef = E82CDB3E2D67441300423C9C /* FirebaseAuthCombine-Community */; };
		E82CDB412D67441300423C9C /* FirebaseCore in Frameworks */ = {isa = PBXBuildFile; productRef = E82CDB402D67441300423C9C /* FirebaseCore */; };
		E82CDB432D67441300423C9C /* FirebaseCrashlytics in Frameworks */ = {isa = PBXBuildFile; productRef = E82CDB422D67441300423C9C /* FirebaseCrashlytics */; };
		E82CDB452D67441300423C9C /* FirebaseDatabase in Frameworks */ = {isa = PBXBuildFile; productRef = E82CDB442D67441300423C9C /* FirebaseDatabase */; };
		E82CDB472D67441300423C9C /* FirebaseDynamicLinks in Frameworks */ = {isa = PBXBuildFile; productRef = E82CDB462D67441300423C9C /* FirebaseDynamicLinks */; };
		E82CDB492D67441300423C9C /* FirebaseFirestore in Frameworks */ = {isa = PBXBuildFile; productRef = E82CDB482D67441300423C9C /* FirebaseFirestore */; };
		E82CDB4B2D67441300423C9C /* FirebaseFirestoreCombine-Community in Frameworks */ = {isa = PBXBuildFile; productRef = E82CDB4A2D67441300423C9C /* FirebaseFirestoreCombine-Community */; };
		E82CDB4D2D67441300423C9C /* FirebaseFunctions in Frameworks */ = {isa = PBXBuildFile; productRef = E82CDB4C2D67441300423C9C /* FirebaseFunctions */; };
		E82CDB4F2D67441300423C9C /* FirebaseFunctionsCombine-Community in Frameworks */ = {isa = PBXBuildFile; productRef = E82CDB4E2D67441300423C9C /* FirebaseFunctionsCombine-Community */; };
		E82CDB512D67441300423C9C /* FirebaseInAppMessaging-Beta in Frameworks */ = {isa = PBXBuildFile; productRef = E82CDB502D67441300423C9C /* FirebaseInAppMessaging-Beta */; };
		E82CDB532D67441300423C9C /* FirebaseInstallations in Frameworks */ = {isa = PBXBuildFile; productRef = E82CDB522D67441300423C9C /* FirebaseInstallations */; };
		E82CDB552D67441300423C9C /* FirebaseMLModelDownloader in Frameworks */ = {isa = PBXBuildFile; productRef = E82CDB542D67441300423C9C /* FirebaseMLModelDownloader */; };
		E82CDB572D67441300423C9C /* FirebaseMessaging in Frameworks */ = {isa = PBXBuildFile; productRef = E82CDB562D67441300423C9C /* FirebaseMessaging */; };
		E82CDB592D67441300423C9C /* FirebasePerformance in Frameworks */ = {isa = PBXBuildFile; productRef = E82CDB582D67441300423C9C /* FirebasePerformance */; };
		E82CDB5B2D67441300423C9C /* FirebaseRemoteConfig in Frameworks */ = {isa = PBXBuildFile; productRef = E82CDB5A2D67441300423C9C /* FirebaseRemoteConfig */; };
		E82CDB5D2D67441300423C9C /* FirebaseStorage in Frameworks */ = {isa = PBXBuildFile; productRef = E82CDB5C2D67441300423C9C /* FirebaseStorage */; };
		E82CDB5F2D67441300423C9C /* FirebaseStorageCombine-Community in Frameworks */ = {isa = PBXBuildFile; productRef = E82CDB5E2D67441300423C9C /* FirebaseStorageCombine-Community */; };
		E82CDB612D67441300423C9C /* FirebaseVertexAI in Frameworks */ = {isa = PBXBuildFile; productRef = E82CDB602D67441300423C9C /* FirebaseVertexAI */; };
		E875A0412D671DD8006CB66E /* Alamofire in Frameworks */ = {isa = PBXBuildFile; productRef = E875A0402D671DD8006CB66E /* Alamofire */; };
/* End PBXBuildFile section */

/* Begin PBXContainerItemProxy section */
		E837B34B2D63511300E228EB /* PBXContainerItemProxy */ = {
			isa = PBXContainerItemProxy;
			containerPortal = E837B3322D63511200E228EB /* Project object */;
			proxyType = 1;
			remoteGlobalIDString = E837B3392D63511200E228EB;
			remoteInfo = sidebartesting;
		};
		E837B3552D63511300E228EB /* PBXContainerItemProxy */ = {
			isa = PBXContainerItemProxy;
			containerPortal = E837B3322D63511200E228EB /* Project object */;
			proxyType = 1;
			remoteGlobalIDString = E837B3392D63511200E228EB;
			remoteInfo = sidebartesting;
		};
/* End PBXContainerItemProxy section */

/* Begin PBXFileReference section */
		E837B33A2D63511200E228EB /* sidebartesting.app */ = {isa = PBXFileReference; explicitFileType = wrapper.application; includeInIndex = 0; path = sidebartesting.app; sourceTree = BUILT_PRODUCTS_DIR; };
		E837B34A2D63511300E228EB /* sidebartestingTests.xctest */ = {isa = PBXFileReference; explicitFileType = wrapper.cfbundle; includeInIndex = 0; path = sidebartestingTests.xctest; sourceTree = BUILT_PRODUCTS_DIR; };
		E837B3542D63511300E228EB /* sidebartestingUITests.xctest */ = {isa = PBXFileReference; explicitFileType = wrapper.cfbundle; includeInIndex = 0; path = sidebartestingUITests.xctest; sourceTree = BUILT_PRODUCTS_DIR; };
/* End PBXFileReference section */

/* Begin PBXFileSystemSynchronizedBuildFileExceptionSet section */
		E875A0362D670FC5006CB66E /* Exceptions for "sidebartesting" folder in "sidebartesting" target */ = {
			isa = PBXFileSystemSynchronizedBuildFileExceptionSet;
			membershipExceptions = (
				Info.plist,
			);
			target = E837B3392D63511200E228EB /* sidebartesting */;
		};
/* End PBXFileSystemSynchronizedBuildFileExceptionSet section */

/* Begin PBXFileSystemSynchronizedRootGroup section */
		E837B33C2D63511200E228EB /* sidebartesting */ = {
			isa = PBXFileSystemSynchronizedRootGroup;
			exceptions = (
				E875A0362D670FC5006CB66E /* Exceptions for "sidebartesting" folder in "sidebartesting" target */,
			);
			path = sidebartesting;
			sourceTree = "<group>";
		};
		E837B34D2D63511300E228EB /* sidebartestingTests */ = {
			isa = PBXFileSystemSynchronizedRootGroup;
			path = sidebartestingTests;
			sourceTree = "<group>";
		};
		E837B3572D63511300E228EB /* sidebartestingUITests */ = {
			isa = PBXFileSystemSynchronizedRootGroup;
			path = sidebartestingUITests;
			sourceTree = "<group>";
		};
/* End PBXFileSystemSynchronizedRootGroup section */

/* Begin PBXFrameworksBuildPhase section */
		E837B3372D63511200E228EB /* Frameworks */ = {
			isa = PBXFrameworksBuildPhase;
			buildActionMask = 2147483647;
			files = (
				E82CDB332D67441300423C9C /* FirebaseAnalytics in Frameworks */,
				E82CDB492D67441300423C9C /* FirebaseFirestore in Frameworks */,
				E82CDB352D67441300423C9C /* FirebaseAnalyticsOnDeviceConversion in Frameworks */,
				E82CDB532D67441300423C9C /* FirebaseInstallations in Frameworks */,
				E875A0412D671DD8006CB66E /* Alamofire in Frameworks */,
				E82CDB392D67441300423C9C /* FirebaseAppCheck in Frameworks */,
				E82CDB512D67441300423C9C /* FirebaseInAppMessaging-Beta in Frameworks */,
				E82CDB372D67441300423C9C /* FirebaseAnalyticsWithoutAdIdSupport in Frameworks */,
				E82CDB3D2D67441300423C9C /* FirebaseAuth in Frameworks */,
				E82CDB4F2D67441300423C9C /* FirebaseFunctionsCombine-Community in Frameworks */,
				E82CDB5F2D67441300423C9C /* FirebaseStorageCombine-Community in Frameworks */,
				E82CDB3B2D67441300423C9C /* FirebaseAppDistribution-Beta in Frameworks */,
				E82CDB612D67441300423C9C /* FirebaseVertexAI in Frameworks */,
				E82CDB5D2D67441300423C9C /* FirebaseStorage in Frameworks */,
				E82CDB5B2D67441300423C9C /* FirebaseRemoteConfig in Frameworks */,
				E82CDB432D67441300423C9C /* FirebaseCrashlytics in Frameworks */,
				E82CDB572D67441300423C9C /* FirebaseMessaging in Frameworks */,
				E82CDB552D67441300423C9C /* FirebaseMLModelDownloader in Frameworks */,
				E82CDB592D67441300423C9C /* FirebasePerformance in Frameworks */,
				E82CDB452D67441300423C9C /* FirebaseDatabase in Frameworks */,
				E82CDB412D67441300423C9C /* FirebaseCore in Frameworks */,
				E82CDB3F2D67441300423C9C /* FirebaseAuthCombine-Community in Frameworks */,
				E82CDB4D2D67441300423C9C /* FirebaseFunctions in Frameworks */,
				E82CDB472D67441300423C9C /* FirebaseDynamicLinks in Frameworks */,
				E82CDB4B2D67441300423C9C /* FirebaseFirestoreCombine-Community in Frameworks */,
			);
			runOnlyForDeploymentPostprocessing = 0;
		};
		E837B3472D63511300E228EB /* Frameworks */ = {
			isa = PBXFrameworksBuildPhase;
			buildActionMask = 2147483647;
			files = (
			);
			runOnlyForDeploymentPostprocessing = 0;
		};
		E837B3512D63511300E228EB /* Frameworks */ = {
			isa = PBXFrameworksBuildPhase;
			buildActionMask = 2147483647;
			files = (
			);
			runOnlyForDeploymentPostprocessing = 0;
		};
/* End PBXFrameworksBuildPhase section */

/* Begin PBXGroup section */
		E837B3312D63511200E228EB = {
			isa = PBXGroup;
			children = (
				E837B33C2D63511200E228EB /* sidebartesting */,
				E837B34D2D63511300E228EB /* sidebartestingTests */,
				E837B3572D63511300E228EB /* sidebartestingUITests */,
				E837B33B2D63511200E228EB /* Products */,
			);
			sourceTree = "<group>";
		};
		E837B33B2D63511200E228EB /* Products */ = {
			isa = PBXGroup;
			children = (
				E837B33A2D63511200E228EB /* sidebartesting.app */,
				E837B34A2D63511300E228EB /* sidebartestingTests.xctest */,
				E837B3542D63511300E228EB /* sidebartestingUITests.xctest */,
			);
			name = Products;
			sourceTree = "<group>";
		};
/* End PBXGroup section */

/* Begin PBXNativeTarget section */
		E837B3392D63511200E228EB /* sidebartesting */ = {
			isa = PBXNativeTarget;
			buildConfigurationList = E837B35E2D63511300E228EB /* Build configuration list for PBXNativeTarget "sidebartesting" */;
			buildPhases = (
				E837B3362D63511200E228EB /* Sources */,
				E837B3372D63511200E228EB /* Frameworks */,
				E837B3382D63511200E228EB /* Resources */,
			);
			buildRules = (
			);
			dependencies = (
			);
			fileSystemSynchronizedGroups = (
				E837B33C2D63511200E228EB /* sidebartesting */,
			);
			name = sidebartesting;
			packageProductDependencies = (
				E875A0402D671DD8006CB66E /* Alamofire */,
				E875A0422D671DD8006CB66E /* AlamofireDynamic */,
				E82CDB322D67441300423C9C /* FirebaseAnalytics */,
				E82CDB342D67441300423C9C /* FirebaseAnalyticsOnDeviceConversion */,
				E82CDB362D67441300423C9C /* FirebaseAnalyticsWithoutAdIdSupport */,
				E82CDB382D67441300423C9C /* FirebaseAppCheck */,
				E82CDB3A2D67441300423C9C /* FirebaseAppDistribution-Beta */,
				E82CDB3C2D67441300423C9C /* FirebaseAuth */,
				E82CDB3E2D67441300423C9C /* FirebaseAuthCombine-Community */,
				E82CDB402D67441300423C9C /* FirebaseCore */,
				E82CDB422D67441300423C9C /* FirebaseCrashlytics */,
				E82CDB442D67441300423C9C /* FirebaseDatabase */,
				E82CDB462D67441300423C9C /* FirebaseDynamicLinks */,
				E82CDB482D67441300423C9C /* FirebaseFirestore */,
				E82CDB4A2D67441300423C9C /* FirebaseFirestoreCombine-Community */,
				E82CDB4C2D67441300423C9C /* FirebaseFunctions */,
				E82CDB4E2D67441300423C9C /* FirebaseFunctionsCombine-Community */,
				E82CDB502D67441300423C9C /* FirebaseInAppMessaging-Beta */,
				E82CDB522D67441300423C9C /* FirebaseInstallations */,
				E82CDB542D67441300423C9C /* FirebaseMLModelDownloader */,
				E82CDB562D67441300423C9C /* FirebaseMessaging */,
				E82CDB582D67441300423C9C /* FirebasePerformance */,
				E82CDB5A2D67441300423C9C /* FirebaseRemoteConfig */,
				E82CDB5C2D67441300423C9C /* FirebaseStorage */,
				E82CDB5E2D67441300423C9C /* FirebaseStorageCombine-Community */,
				E82CDB602D67441300423C9C /* FirebaseVertexAI */,
			);
			productName = sidebartesting;
			productReference = E837B33A2D63511200E228EB /* sidebartesting.app */;
			productType = "com.apple.product-type.application";
		};
		E837B3492D63511300E228EB /* sidebartestingTests */ = {
			isa = PBXNativeTarget;
			buildConfigurationList = E837B3612D63511300E228EB /* Build configuration list for PBXNativeTarget "sidebartestingTests" */;
			buildPhases = (
				E837B3462D63511300E228EB /* Sources */,
				E837B3472D63511300E228EB /* Frameworks */,
				E837B3482D63511300E228EB /* Resources */,
			);
			buildRules = (
			);
			dependencies = (
				E837B34C2D63511300E228EB /* PBXTargetDependency */,
			);
			fileSystemSynchronizedGroups = (
				E837B34D2D63511300E228EB /* sidebartestingTests */,
			);
			name = sidebartestingTests;
			packageProductDependencies = (
			);
			productName = sidebartestingTests;
			productReference = E837B34A2D63511300E228EB /* sidebartestingTests.xctest */;
			productType = "com.apple.product-type.bundle.unit-test";
		};
		E837B3532D63511300E228EB /* sidebartestingUITests */ = {
			isa = PBXNativeTarget;
			buildConfigurationList = E837B3642D63511300E228EB /* Build configuration list for PBXNativeTarget "sidebartestingUITests" */;
			buildPhases = (
				E837B3502D63511300E228EB /* Sources */,
				E837B3512D63511300E228EB /* Frameworks */,
				E837B3522D63511300E228EB /* Resources */,
			);
			buildRules = (
			);
			dependencies = (
				E837B3562D63511300E228EB /* PBXTargetDependency */,
			);
			fileSystemSynchronizedGroups = (
				E837B3572D63511300E228EB /* sidebartestingUITests */,
			);
			name = sidebartestingUITests;
			packageProductDependencies = (
			);
			productName = sidebartestingUITests;
			productReference = E837B3542D63511300E228EB /* sidebartestingUITests.xctest */;
			productType = "com.apple.product-type.bundle.ui-testing";
		};
/* End PBXNativeTarget section */

/* Begin PBXProject section */
		E837B3322D63511200E228EB /* Project object */ = {
			isa = PBXProject;
			attributes = {
				BuildIndependentTargetsInParallel = 1;
				LastSwiftUpdateCheck = 1610;
				LastUpgradeCheck = 1610;
				TargetAttributes = {
					E837B3392D63511200E228EB = {
						CreatedOnToolsVersion = 16.1;
					};
					E837B3492D63511300E228EB = {
						CreatedOnToolsVersion = 16.1;
						TestTargetID = E837B3392D63511200E228EB;
					};
					E837B3532D63511300E228EB = {
						CreatedOnToolsVersion = 16.1;
						TestTargetID = E837B3392D63511200E228EB;
					};
				};
			};
			buildConfigurationList = E837B3352D63511200E228EB /* Build configuration list for PBXProject "sidebartesting" */;
			developmentRegion = en;
			hasScannedForEncodings = 0;
			knownRegions = (
				en,
				Base,
			);
			mainGroup = E837B3312D63511200E228EB;
			minimizedProjectReferenceProxies = 1;
			packageReferences = (
				E875A03F2D671DD8006CB66E /* XCRemoteSwiftPackageReference "Alamofire" */,
				E82CDB312D67441300423C9C /* XCRemoteSwiftPackageReference "firebase-ios-sdk" */,
			);
			preferredProjectObjectVersion = 77;
			productRefGroup = E837B33B2D63511200E228EB /* Products */;
			projectDirPath = "";
			projectRoot = "";
			targets = (
				E837B3392D63511200E228EB /* sidebartesting */,
				E837B3492D63511300E228EB /* sidebartestingTests */,
				E837B3532D63511300E228EB /* sidebartestingUITests */,
			);
		};
/* End PBXProject section */

/* Begin PBXResourcesBuildPhase section */
		E837B3382D63511200E228EB /* Resources */ = {
			isa = PBXResourcesBuildPhase;
			buildActionMask = 2147483647;
			files = (
			);
			runOnlyForDeploymentPostprocessing = 0;
		};
		E837B3482D63511300E228EB /* Resources */ = {
			isa = PBXResourcesBuildPhase;
			buildActionMask = 2147483647;
			files = (
			);
			runOnlyForDeploymentPostprocessing = 0;
		};
		E837B3522D63511300E228EB /* Resources */ = {
			isa = PBXResourcesBuildPhase;
			buildActionMask = 2147483647;
			files = (
			);
			runOnlyForDeploymentPostprocessing = 0;
		};
/* End PBXResourcesBuildPhase section */

/* Begin PBXSourcesBuildPhase section */
		E837B3362D63511200E228EB /* Sources */ = {
			isa = PBXSourcesBuildPhase;
			buildActionMask = 2147483647;
			files = (
			);
			runOnlyForDeploymentPostprocessing = 0;
		};
		E837B3462D63511300E228EB /* Sources */ = {
			isa = PBXSourcesBuildPhase;
			buildActionMask = 2147483647;
			files = (
			);
			runOnlyForDeploymentPostprocessing = 0;
		};
		E837B3502D63511300E228EB /* Sources */ = {
			isa = PBXSourcesBuildPhase;
			buildActionMask = 2147483647;
			files = (
			);
			runOnlyForDeploymentPostprocessing = 0;
		};
/* End PBXSourcesBuildPhase section */

/* Begin PBXTargetDependency section */
		E837B34C2D63511300E228EB /* PBXTargetDependency */ = {
			isa = PBXTargetDependency;
			target = E837B3392D63511200E228EB /* sidebartesting */;
			targetProxy = E837B34B2D63511300E228EB /* PBXContainerItemProxy */;
		};
		E837B3562D63511300E228EB /* PBXTargetDependency */ = {
			isa = PBXTargetDependency;
			target = E837B3392D63511200E228EB /* sidebartesting */;
			targetProxy = E837B3552D63511300E228EB /* PBXContainerItemProxy */;
		};
/* End PBXTargetDependency section */

/* Begin XCBuildConfiguration section */
		E837B35C2D63511300E228EB /* Debug */ = {
			isa = XCBuildConfiguration;
			buildSettings = {
				ALWAYS_SEARCH_USER_PATHS = NO;
				ASSETCATALOG_COMPILER_GENERATE_SWIFT_ASSET_SYMBOL_EXTENSIONS = YES;
				CLANG_ANALYZER_NONNULL = YES;
				CLANG_ANALYZER_NUMBER_OBJECT_CONVERSION = YES_AGGRESSIVE;
				CLANG_CXX_LANGUAGE_STANDARD = "gnu++20";
				CLANG_ENABLE_MODULES = YES;
				CLANG_ENABLE_OBJC_ARC = YES;
				CLANG_ENABLE_OBJC_WEAK = YES;
				CLANG_WARN_BLOCK_CAPTURE_AUTORELEASING = YES;
				CLANG_WARN_BOOL_CONVERSION = YES;
				CLANG_WARN_COMMA = YES;
				CLANG_WARN_CONSTANT_CONVERSION = YES;
				CLANG_WARN_DEPRECATED_OBJC_IMPLEMENTATIONS = YES;
				CLANG_WARN_DIRECT_OBJC_ISA_USAGE = YES_ERROR;
				CLANG_WARN_DOCUMENTATION_COMMENTS = YES;
				CLANG_WARN_EMPTY_BODY = YES;
				CLANG_WARN_ENUM_CONVERSION = YES;
				CLANG_WARN_INFINITE_RECURSION = YES;
				CLANG_WARN_INT_CONVERSION = YES;
				CLANG_WARN_NON_LITERAL_NULL_CONVERSION = YES;
				CLANG_WARN_OBJC_IMPLICIT_RETAIN_SELF = YES;
				CLANG_WARN_OBJC_LITERAL_CONVERSION = YES;
				CLANG_WARN_OBJC_ROOT_CLASS = YES_ERROR;
				CLANG_WARN_QUOTED_INCLUDE_IN_FRAMEWORK_HEADER = YES;
				CLANG_WARN_RANGE_LOOP_ANALYSIS = YES;
				CLANG_WARN_STRICT_PROTOTYPES = YES;
				CLANG_WARN_SUSPICIOUS_MOVE = YES;
				CLANG_WARN_UNGUARDED_AVAILABILITY = YES_AGGRESSIVE;
				CLANG_WARN_UNREACHABLE_CODE = YES;
				CLANG_WARN__DUPLICATE_METHOD_MATCH = YES;
				COPY_PHASE_STRIP = NO;
				DEBUG_INFORMATION_FORMAT = dwarf;
				ENABLE_STRICT_OBJC_MSGSEND = YES;
				ENABLE_TESTABILITY = YES;
				ENABLE_USER_SCRIPT_SANDBOXING = YES;
				GCC_C_LANGUAGE_STANDARD = gnu17;
				GCC_DYNAMIC_NO_PIC = NO;
				GCC_NO_COMMON_BLOCKS = YES;
				GCC_OPTIMIZATION_LEVEL = 0;
				GCC_PREPROCESSOR_DEFINITIONS = (
					"DEBUG=1",
					"$(inherited)",
				);
				GCC_WARN_64_TO_32_BIT_CONVERSION = YES;
				GCC_WARN_ABOUT_RETURN_TYPE = YES_ERROR;
				GCC_WARN_UNDECLARED_SELECTOR = YES;
				GCC_WARN_UNINITIALIZED_AUTOS = YES_AGGRESSIVE;
				GCC_WARN_UNUSED_FUNCTION = YES;
				GCC_WARN_UNUSED_VARIABLE = YES;
				IPHONEOS_DEPLOYMENT_TARGET = 18.1;
				LOCALIZATION_PREFERS_STRING_CATALOGS = YES;
				MTL_ENABLE_DEBUG_INFO = INCLUDE_SOURCE;
				MTL_FAST_MATH = YES;
				ONLY_ACTIVE_ARCH = YES;
				SDKROOT = iphoneos;
				SWIFT_ACTIVE_COMPILATION_CONDITIONS = "DEBUG $(inherited)";
				SWIFT_OPTIMIZATION_LEVEL = "-Onone";
			};
			name = Debug;
		};
		E837B35D2D63511300E228EB /* Release */ = {
			isa = XCBuildConfiguration;
			buildSettings = {
				ALWAYS_SEARCH_USER_PATHS = NO;
				ASSETCATALOG_COMPILER_GENERATE_SWIFT_ASSET_SYMBOL_EXTENSIONS = YES;
				CLANG_ANALYZER_NONNULL = YES;
				CLANG_ANALYZER_NUMBER_OBJECT_CONVERSION = YES_AGGRESSIVE;
				CLANG_CXX_LANGUAGE_STANDARD = "gnu++20";
				CLANG_ENABLE_MODULES = YES;
				CLANG_ENABLE_OBJC_ARC = YES;
				CLANG_ENABLE_OBJC_WEAK = YES;
				CLANG_WARN_BLOCK_CAPTURE_AUTORELEASING = YES;
				CLANG_WARN_BOOL_CONVERSION = YES;
				CLANG_WARN_COMMA = YES;
				CLANG_WARN_CONSTANT_CONVERSION = YES;
				CLANG_WARN_DEPRECATED_OBJC_IMPLEMENTATIONS = YES;
				CLANG_WARN_DIRECT_OBJC_ISA_USAGE = YES_ERROR;
				CLANG_WARN_DOCUMENTATION_COMMENTS = YES;
				CLANG_WARN_EMPTY_BODY = YES;
				CLANG_WARN_ENUM_CONVERSION = YES;
				CLANG_WARN_INFINITE_RECURSION = YES;
				CLANG_WARN_INT_CONVERSION = YES;
				CLANG_WARN_NON_LITERAL_NULL_CONVERSION = YES;
				CLANG_WARN_OBJC_IMPLICIT_RETAIN_SELF = YES;
				CLANG_WARN_OBJC_LITERAL_CONVERSION = YES;
				CLANG_WARN_OBJC_ROOT_CLASS = YES_ERROR;
				CLANG_WARN_QUOTED_INCLUDE_IN_FRAMEWORK_HEADER = YES;
				CLANG_WARN_RANGE_LOOP_ANALYSIS = YES;
				CLANG_WARN_STRICT_PROTOTYPES = YES;
				CLANG_WARN_SUSPICIOUS_MOVE = YES;
				CLANG_WARN_UNGUARDED_AVAILABILITY = YES_AGGRESSIVE;
				CLANG_WARN_UNREACHABLE_CODE = YES;
				CLANG_WARN__DUPLICATE_METHOD_MATCH = YES;
				COPY_PHASE_STRIP = NO;
				DEBUG_INFORMATION_FORMAT = "dwarf-with-dsym";
				ENABLE_NS_ASSERTIONS = NO;
				ENABLE_STRICT_OBJC_MSGSEND = YES;
				ENABLE_USER_SCRIPT_SANDBOXING = YES;
				GCC_C_LANGUAGE_STANDARD = gnu17;
				GCC_NO_COMMON_BLOCKS = YES;
				GCC_WARN_64_TO_32_BIT_CONVERSION = YES;
				GCC_WARN_ABOUT_RETURN_TYPE = YES_ERROR;
				GCC_WARN_UNDECLARED_SELECTOR = YES;
				GCC_WARN_UNINITIALIZED_AUTOS = YES_AGGRESSIVE;
				GCC_WARN_UNUSED_FUNCTION = YES;
				GCC_WARN_UNUSED_VARIABLE = YES;
				IPHONEOS_DEPLOYMENT_TARGET = 18.1;
				LOCALIZATION_PREFERS_STRING_CATALOGS = YES;
				MTL_ENABLE_DEBUG_INFO = NO;
				MTL_FAST_MATH = YES;
				SDKROOT = iphoneos;
				SWIFT_COMPILATION_MODE = wholemodule;
				VALIDATE_PRODUCT = YES;
			};
			name = Release;
		};
		E837B35F2D63511300E228EB /* Debug */ = {
			isa = XCBuildConfiguration;
			buildSettings = {
				ASSETCATALOG_COMPILER_APPICON_NAME = AppIcon;
				ASSETCATALOG_COMPILER_GLOBAL_ACCENT_COLOR_NAME = AccentColor;
				CODE_SIGN_STYLE = Automatic;
				CURRENT_PROJECT_VERSION = 1;
				DEVELOPMENT_ASSET_PATHS = "\"sidebartesting/Preview Content\"";
				ENABLE_PREVIEWS = YES;
				GENERATE_INFOPLIST_FILE = YES;
				INFOPLIST_FILE = sidebartesting/Info.plist;
				INFOPLIST_KEY_NSLocationAlwaysUsageDescription = "";
				INFOPLIST_KEY_NSLocationWhenInUseUsageDescription = "";
				INFOPLIST_KEY_UIApplicationSceneManifest_Generation = YES;
				INFOPLIST_KEY_UIApplicationSupportsIndirectInputEvents = YES;
				INFOPLIST_KEY_UILaunchScreen_Generation = YES;
				INFOPLIST_KEY_UISupportedInterfaceOrientations_iPad = "UIInterfaceOrientationPortrait UIInterfaceOrientationPortraitUpsideDown UIInterfaceOrientationLandscapeLeft UIInterfaceOrientationLandscapeRight";
				INFOPLIST_KEY_UISupportedInterfaceOrientations_iPhone = "UIInterfaceOrientationPortrait UIInterfaceOrientationLandscapeLeft UIInterfaceOrientationLandscapeRight";
				LD_RUNPATH_SEARCH_PATHS = (
					"$(inherited)",
					"@executable_path/Frameworks",
				);
				MARKETING_VERSION = 1.0;
				PRODUCT_BUNDLE_IDENTIFIER = Testing.TestingProject.sidebartesting;
				PRODUCT_NAME = "$(TARGET_NAME)";
				SWIFT_EMIT_LOC_STRINGS = YES;
				SWIFT_VERSION = 5.0;
				TARGETED_DEVICE_FAMILY = "1,2";
			};
			name = Debug;
		};
		E837B3602D63511300E228EB /* Release */ = {
			isa = XCBuildConfiguration;
			buildSettings = {
				ASSETCATALOG_COMPILER_APPICON_NAME = AppIcon;
				ASSETCATALOG_COMPILER_GLOBAL_ACCENT_COLOR_NAME = AccentColor;
				CODE_SIGN_STYLE = Automatic;
				CURRENT_PROJECT_VERSION = 1;
				DEVELOPMENT_ASSET_PATHS = "\"sidebartesting/Preview Content\"";
				ENABLE_PREVIEWS = YES;
				GENERATE_INFOPLIST_FILE = YES;
				INFOPLIST_FILE = sidebartesting/Info.plist;
				INFOPLIST_KEY_NSLocationAlwaysUsageDescription = "";
				INFOPLIST_KEY_NSLocationWhenInUseUsageDescription = "";
				INFOPLIST_KEY_UIApplicationSceneManifest_Generation = YES;
				INFOPLIST_KEY_UIApplicationSupportsIndirectInputEvents = YES;
				INFOPLIST_KEY_UILaunchScreen_Generation = YES;
				INFOPLIST_KEY_UISupportedInterfaceOrientations_iPad = "UIInterfaceOrientationPortrait UIInterfaceOrientationPortraitUpsideDown UIInterfaceOrientationLandscapeLeft UIInterfaceOrientationLandscapeRight";
				INFOPLIST_KEY_UISupportedInterfaceOrientations_iPhone = "UIInterfaceOrientationPortrait UIInterfaceOrientationLandscapeLeft UIInterfaceOrientationLandscapeRight";
				LD_RUNPATH_SEARCH_PATHS = (
					"$(inherited)",
					"@executable_path/Frameworks",
				);
				MARKETING_VERSION = 1.0;
				PRODUCT_BUNDLE_IDENTIFIER = Testing.TestingProject.sidebartesting;
				PRODUCT_NAME = "$(TARGET_NAME)";
				SWIFT_EMIT_LOC_STRINGS = YES;
				SWIFT_VERSION = 5.0;
				TARGETED_DEVICE_FAMILY = "1,2";
			};
			name = Release;
		};
		E837B3622D63511300E228EB /* Debug */ = {
			isa = XCBuildConfiguration;
			buildSettings = {
				BUNDLE_LOADER = "$(TEST_HOST)";
				CODE_SIGN_STYLE = Automatic;
				CURRENT_PROJECT_VERSION = 1;
				GENERATE_INFOPLIST_FILE = YES;
				IPHONEOS_DEPLOYMENT_TARGET = 18.1;
				MARKETING_VERSION = 1.0;
				PRODUCT_BUNDLE_IDENTIFIER = Testing.TestingProject.sidebartestingTests;
				PRODUCT_NAME = "$(TARGET_NAME)";
				SWIFT_EMIT_LOC_STRINGS = NO;
				SWIFT_VERSION = 5.0;
				TARGETED_DEVICE_FAMILY = "1,2";
				TEST_HOST = "$(BUILT_PRODUCTS_DIR)/sidebartesting.app/$(BUNDLE_EXECUTABLE_FOLDER_PATH)/sidebartesting";
			};
			name = Debug;
		};
		E837B3632D63511300E228EB /* Release */ = {
			isa = XCBuildConfiguration;
			buildSettings = {
				BUNDLE_LOADER = "$(TEST_HOST)";
				CODE_SIGN_STYLE = Automatic;
				CURRENT_PROJECT_VERSION = 1;
				GENERATE_INFOPLIST_FILE = YES;
				IPHONEOS_DEPLOYMENT_TARGET = 18.1;
				MARKETING_VERSION = 1.0;
				PRODUCT_BUNDLE_IDENTIFIER = Testing.TestingProject.sidebartestingTests;
				PRODUCT_NAME = "$(TARGET_NAME)";
				SWIFT_EMIT_LOC_STRINGS = NO;
				SWIFT_VERSION = 5.0;
				TARGETED_DEVICE_FAMILY = "1,2";
				TEST_HOST = "$(BUILT_PRODUCTS_DIR)/sidebartesting.app/$(BUNDLE_EXECUTABLE_FOLDER_PATH)/sidebartesting";
			};
			name = Release;
		};
		E837B3652D63511300E228EB /* Debug */ = {
			isa = XCBuildConfiguration;
			buildSettings = {
				CODE_SIGN_STYLE = Automatic;
				CURRENT_PROJECT_VERSION = 1;
				GENERATE_INFOPLIST_FILE = YES;
				MARKETING_VERSION = 1.0;
				PRODUCT_BUNDLE_IDENTIFIER = Testing.TestingProject.sidebartestingUITests;
				PRODUCT_NAME = "$(TARGET_NAME)";
				SWIFT_EMIT_LOC_STRINGS = NO;
				SWIFT_VERSION = 5.0;
				TARGETED_DEVICE_FAMILY = "1,2";
				TEST_TARGET_NAME = sidebartesting;
			};
			name = Debug;
		};
		E837B3662D63511300E228EB /* Release */ = {
			isa = XCBuildConfiguration;
			buildSettings = {
				CODE_SIGN_STYLE = Automatic;
				CURRENT_PROJECT_VERSION = 1;
				GENERATE_INFOPLIST_FILE = YES;
				MARKETING_VERSION = 1.0;
				PRODUCT_BUNDLE_IDENTIFIER = Testing.TestingProject.sidebartestingUITests;
				PRODUCT_NAME = "$(TARGET_NAME)";
				SWIFT_EMIT_LOC_STRINGS = NO;
				SWIFT_VERSION = 5.0;
				TARGETED_DEVICE_FAMILY = "1,2";
				TEST_TARGET_NAME = sidebartesting;
			};
			name = Release;
		};
/* End XCBuildConfiguration section */

/* Begin XCConfigurationList section */
		E837B3352D63511200E228EB /* Build configuration list for PBXProject "sidebartesting" */ = {
			isa = XCConfigurationList;
			buildConfigurations = (
				E837B35C2D63511300E228EB /* Debug */,
				E837B35D2D63511300E228EB /* Release */,
			);
			defaultConfigurationIsVisible = 0;
			defaultConfigurationName = Release;
		};
		E837B35E2D63511300E228EB /* Build configuration list for PBXNativeTarget "sidebartesting" */ = {
			isa = XCConfigurationList;
			buildConfigurations = (
				E837B35F2D63511300E228EB /* Debug */,
				E837B3602D63511300E228EB /* Release */,
			);
			defaultConfigurationIsVisible = 0;
			defaultConfigurationName = Release;
		};
		E837B3612D63511300E228EB /* Build configuration list for PBXNativeTarget "sidebartestingTests" */ = {
			isa = XCConfigurationList;
			buildConfigurations = (
				E837B3622D63511300E228EB /* Debug */,
				E837B3632D63511300E228EB /* Release */,
			);
			defaultConfigurationIsVisible = 0;
			defaultConfigurationName = Release;
		};
		E837B3642D63511300E228EB /* Build configuration list for PBXNativeTarget "sidebartestingUITests" */ = {
			isa = XCConfigurationList;
			buildConfigurations = (
				E837B3652D63511300E228EB /* Debug */,
				E837B3662D63511300E228EB /* Release */,
			);
			defaultConfigurationIsVisible = 0;
			defaultConfigurationName = Release;
		};
/* End XCConfigurationList section */

/* Begin XCRemoteSwiftPackageReference section */
		E82CDB312D67441300423C9C /* XCRemoteSwiftPackageReference "firebase-ios-sdk" */ = {
			isa = XCRemoteSwiftPackageReference;
			repositoryURL = "https://github.com/firebase/firebase-ios-sdk";
			requirement = {
				kind = upToNextMajorVersion;
				minimumVersion = 11.8.1;
			};
		};
		E875A03F2D671DD8006CB66E /* XCRemoteSwiftPackageReference "Alamofire" */ = {
			isa = XCRemoteSwiftPackageReference;
			repositoryURL = "https://github.com/Alamofire/Alamofire.git";
			requirement = {
				kind = upToNextMajorVersion;
				minimumVersion = 5.10.2;
			};
		};
/* End XCRemoteSwiftPackageReference section */

/* Begin XCSwiftPackageProductDependency section */
		E82CDB322D67441300423C9C /* FirebaseAnalytics */ = {
			isa = XCSwiftPackageProductDependency;
			package = E82CDB312D67441300423C9C /* XCRemoteSwiftPackageReference "firebase-ios-sdk" */;
			productName = FirebaseAnalytics;
		};
		E82CDB342D67441300423C9C /* FirebaseAnalyticsOnDeviceConversion */ = {
			isa = XCSwiftPackageProductDependency;
			package = E82CDB312D67441300423C9C /* XCRemoteSwiftPackageReference "firebase-ios-sdk" */;
			productName = FirebaseAnalyticsOnDeviceConversion;
		};
		E82CDB362D67441300423C9C /* FirebaseAnalyticsWithoutAdIdSupport */ = {
			isa = XCSwiftPackageProductDependency;
			package = E82CDB312D67441300423C9C /* XCRemoteSwiftPackageReference "firebase-ios-sdk" */;
			productName = FirebaseAnalyticsWithoutAdIdSupport;
		};
		E82CDB382D67441300423C9C /* FirebaseAppCheck */ = {
			isa = XCSwiftPackageProductDependency;
			package = E82CDB312D67441300423C9C /* XCRemoteSwiftPackageReference "firebase-ios-sdk" */;
			productName = FirebaseAppCheck;
		};
		E82CDB3A2D67441300423C9C /* FirebaseAppDistribution-Beta */ = {
			isa = XCSwiftPackageProductDependency;
			package = E82CDB312D67441300423C9C /* XCRemoteSwiftPackageReference "firebase-ios-sdk" */;
			productName = "FirebaseAppDistribution-Beta";
		};
		E82CDB3C2D67441300423C9C /* FirebaseAuth */ = {
			isa = XCSwiftPackageProductDependency;
			package = E82CDB312D67441300423C9C /* XCRemoteSwiftPackageReference "firebase-ios-sdk" */;
			productName = FirebaseAuth;
		};
		E82CDB3E2D67441300423C9C /* FirebaseAuthCombine-Community */ = {
			isa = XCSwiftPackageProductDependency;
			package = E82CDB312D67441300423C9C /* XCRemoteSwiftPackageReference "firebase-ios-sdk" */;
			productName = "FirebaseAuthCombine-Community";
		};
		E82CDB402D67441300423C9C /* FirebaseCore */ = {
			isa = XCSwiftPackageProductDependency;
			package = E82CDB312D67441300423C9C /* XCRemoteSwiftPackageReference "firebase-ios-sdk" */;
			productName = FirebaseCore;
		};
		E82CDB422D67441300423C9C /* FirebaseCrashlytics */ = {
			isa = XCSwiftPackageProductDependency;
			package = E82CDB312D67441300423C9C /* XCRemoteSwiftPackageReference "firebase-ios-sdk" */;
			productName = FirebaseCrashlytics;
		};
		E82CDB442D67441300423C9C /* FirebaseDatabase */ = {
			isa = XCSwiftPackageProductDependency;
			package = E82CDB312D67441300423C9C /* XCRemoteSwiftPackageReference "firebase-ios-sdk" */;
			productName = FirebaseDatabase;
		};
		E82CDB462D67441300423C9C /* FirebaseDynamicLinks */ = {
			isa = XCSwiftPackageProductDependency;
			package = E82CDB312D67441300423C9C /* XCRemoteSwiftPackageReference "firebase-ios-sdk" */;
			productName = FirebaseDynamicLinks;
		};
		E82CDB482D67441300423C9C /* FirebaseFirestore */ = {
			isa = XCSwiftPackageProductDependency;
			package = E82CDB312D67441300423C9C /* XCRemoteSwiftPackageReference "firebase-ios-sdk" */;
			productName = FirebaseFirestore;
		};
		E82CDB4A2D67441300423C9C /* FirebaseFirestoreCombine-Community */ = {
			isa = XCSwiftPackageProductDependency;
			package = E82CDB312D67441300423C9C /* XCRemoteSwiftPackageReference "firebase-ios-sdk" */;
			productName = "FirebaseFirestoreCombine-Community";
		};
		E82CDB4C2D67441300423C9C /* FirebaseFunctions */ = {
			isa = XCSwiftPackageProductDependency;
			package = E82CDB312D67441300423C9C /* XCRemoteSwiftPackageReference "firebase-ios-sdk" */;
			productName = FirebaseFunctions;
		};
		E82CDB4E2D67441300423C9C /* FirebaseFunctionsCombine-Community */ = {
			isa = XCSwiftPackageProductDependency;
			package = E82CDB312D67441300423C9C /* XCRemoteSwiftPackageReference "firebase-ios-sdk" */;
			productName = "FirebaseFunctionsCombine-Community";
		};
		E82CDB502D67441300423C9C /* FirebaseInAppMessaging-Beta */ = {
			isa = XCSwiftPackageProductDependency;
			package = E82CDB312D67441300423C9C /* XCRemoteSwiftPackageReference "firebase-ios-sdk" */;
			productName = "FirebaseInAppMessaging-Beta";
		};
		E82CDB522D67441300423C9C /* FirebaseInstallations */ = {
			isa = XCSwiftPackageProductDependency;
			package = E82CDB312D67441300423C9C /* XCRemoteSwiftPackageReference "firebase-ios-sdk" */;
			productName = FirebaseInstallations;
		};
		E82CDB542D67441300423C9C /* FirebaseMLModelDownloader */ = {
			isa = XCSwiftPackageProductDependency;
			package = E82CDB312D67441300423C9C /* XCRemoteSwiftPackageReference "firebase-ios-sdk" */;
			productName = FirebaseMLModelDownloader;
		};
		E82CDB562D67441300423C9C /* FirebaseMessaging */ = {
			isa = XCSwiftPackageProductDependency;
			package = E82CDB312D67441300423C9C /* XCRemoteSwiftPackageReference "firebase-ios-sdk" */;
			productName = FirebaseMessaging;
		};
		E82CDB582D67441300423C9C /* FirebasePerformance */ = {
			isa = XCSwiftPackageProductDependency;
			package = E82CDB312D67441300423C9C /* XCRemoteSwiftPackageReference "firebase-ios-sdk" */;
			productName = FirebasePerformance;
		};
		E82CDB5A2D67441300423C9C /* FirebaseRemoteConfig */ = {
			isa = XCSwiftPackageProductDependency;
			package = E82CDB312D67441300423C9C /* XCRemoteSwiftPackageReference "firebase-ios-sdk" */;
			productName = FirebaseRemoteConfig;
		};
		E82CDB5C2D67441300423C9C /* FirebaseStorage */ = {
			isa = XCSwiftPackageProductDependency;
			package = E82CDB312D67441300423C9C /* XCRemoteSwiftPackageReference "firebase-ios-sdk" */;
			productName = FirebaseStorage;
		};
		E82CDB5E2D67441300423C9C /* FirebaseStorageCombine-Community */ = {
			isa = XCSwiftPackageProductDependency;
			package = E82CDB312D67441300423C9C /* XCRemoteSwiftPackageReference "firebase-ios-sdk" */;
			productName = "FirebaseStorageCombine-Community";
		};
		E82CDB602D67441300423C9C /* FirebaseVertexAI */ = {
			isa = XCSwiftPackageProductDependency;
			package = E82CDB312D67441300423C9C /* XCRemoteSwiftPackageReference "firebase-ios-sdk" */;
			productName = FirebaseVertexAI;
		};
		E875A0402D671DD8006CB66E /* Alamofire */ = {
			isa = XCSwiftPackageProductDependency;
			package = E875A03F2D671DD8006CB66E /* XCRemoteSwiftPackageReference "Alamofire" */;
			productName = Alamofire;
		};
		E875A0422D671DD8006CB66E /* AlamofireDynamic */ = {
			isa = XCSwiftPackageProductDependency;
			package = E875A03F2D671DD8006CB66E /* XCRemoteSwiftPackageReference "Alamofire" */;
			productName = AlamofireDynamic;
		};
/* End XCSwiftPackageProductDependency section */
	};
	rootObject = E837B3322D63511200E228EB /* Project object */;
}
